
Microsoft Visual Studio Solution File, Format Version 12.00
# Visual Studio 15
VisualStudioVersion = 15.0.27004.2002
MinimumVisualStudioVersion = 10.0.40219.1
Project("{FAE04EC0-301F-11D3-BF4B-00C04F79EFBC}") = "Filtros", "Filtros\Filtros.csproj", "{F053AFA4-A263-4E35-8E0B-2533D5B59B54}"
EndProject
Global
	GlobalSection(SolutionConfigurationPlatforms) = preSolution
		Debug|Any CPU = Debug|Any CPU
		Release|Any CPU = Release|Any CPU
	EndGlobalSection
	GlobalSection(ProjectConfigurationPlatforms) = postSolution
		{F053AFA4-A263-4E35-8E0B-2533D5B59B54}.Debug|Any CPU.ActiveCfg = Debug|Any CPU
		{F053AFA4-A263-4E35-8E0B-2533D5B59B54}.Debug|Any CPU.Build.0 = Debug|Any CPU
		{F053AFA4-A263-4E35-8E0B-2533D5B59B54}.Release|Any CPU.ActiveCfg = Release|Any CPU
		{F053AFA4-A263-4E35-8E0B-2533D5B59B54}.Release|Any CPU.Build.0 = Release|Any CPU
	EndGlobalSection
	GlobalSection(SolutionProperties) = preSolution
		HideSolutionNode = FALSE
	EndGlobalSection
	GlobalSection(ExtensibilityGlobals) = postSolution
		SolutionGuid = {02159306-6302-4D43-906D-E087F9E3C1A6}
	EndGlobalSection
EndGlobal
